
Microsoft Visual Studio Solution File, Format Version 12.00
# Visual Studio Version 17
VisualStudioVersion = 17.8.34316.72
MinimumVisualStudioVersion = 10.0.40219.1
Project("{FAE04EC0-301F-11D3-BF4B-00C04F79EFBC}") = "Sismecom", "Sismecom\Sismecom.csproj", "{D6D523E3-A00F-44B7-9D1C-4CE32C8798FC}"
EndProject
Global
	GlobalSection(SolutionConfigurationPlatforms) = preSolution
		Debug|Any CPU = Debug|Any CPU
		Release|Any CPU = Release|Any CPU
	EndGlobalSection
	GlobalSection(ProjectConfigurationPlatforms) = postSolution
		{D6D523E3-A00F-44B7-9D1C-4CE32C8798FC}.Debug|Any CPU.ActiveCfg = Debug|Any CPU
		{D6D523E3-A00F-44B7-9D1C-4CE32C8798FC}.Debug|Any CPU.Build.0 = Debug|Any CPU
		{D6D523E3-A00F-44B7-9D1C-4CE32C8798FC}.Release|Any CPU.ActiveCfg = Release|Any CPU
		{D6D523E3-A00F-44B7-9D1C-4CE32C8798FC}.Release|Any CPU.Build.0 = Release|Any CPU
	EndGlobalSection
	GlobalSection(SolutionProperties) = preSolution
		HideSolutionNode = FALSE
	EndGlobalSection
	GlobalSection(ExtensibilityGlobals) = postSolution
		SolutionGuid = {0547874D-4DE9-4E6E-825A-361788716BB4}
	EndGlobalSection
EndGlobal
